# This file is automatically @generated by Cargo.
# It is not intended for manual editing.
[[package]]
name = "bitflags"
version = "1.2.1"
source = "registry+https://github.com/rust-lang/crates.io-index"
checksum = "cf1de2fe8c75bc145a2f577add951f8134889b4795d47466a54a5c846d691693"

[[package]]
name = "cc"
version = "1.0.61"
source = "registry+https://github.com/rust-lang/crates.io-index"
checksum = "ed67cbde08356238e75fc4656be4749481eeffb09e19f320a25237d5221c985d"

[[package]]
name = "decimal"
version = "2.0.4"
source = "git+https://github.com/bitdoer/decimal#c1f3923926475c262f573a1170c96822ebdb92fa"
dependencies = [
 "bitflags",
 "cc",
 "libc",
 "ord_subset",
 "rustc-serialize",
 "serde",
]

[[package]]
name = "libc"
version = "0.2.79"
source = "registry+https://github.com/rust-lang/crates.io-index"
checksum = "2448f6066e80e3bfc792e9c98bf705b4b0fc6e8ef5b43e5889aff0eaa9c58743"

[[package]]
name = "odesolver"
version = "0.1.0"
dependencies = [
 "decimal",
]

[[package]]
name = "ord_subset"
version = "3.1.1"
source = "registry+https://github.com/rust-lang/crates.io-index"
checksum = "d7ce14664caf5b27f5656ff727defd68ae1eb75ef3c4d95259361df1eb376bef"

[[package]]
name = "rustc-serialize"
version = "0.3.24"
source = "registry+https://github.com/rust-lang/crates.io-index"
checksum = "dcf128d1287d2ea9d80910b5f1120d0b8eede3fbf1abe91c40d39ea7d51e6fda"

[[package]]
name = "serde"
version = "1.0.117"
source = "registry+https://github.com/rust-lang/crates.io-index"
checksum = "b88fa983de7720629c9387e9f517353ed404164b1e482c970a90c1a4aaf7dc1a"
